<?xml version="1.0" encoding="utf-8"?>
<Project ToolsVersion="4.0" xmlns="http://schemas.microsoft.com/developer/msbuild/2003">
  <ItemGroup>
    <CudaCompile Include="src\kernel.cu" />
  </ItemGroup>
  <ItemGroup>
    <ClCompile Include="src\main.cpp" />
    <ClCompile Include="src\source.cpp" />
    <ClCompile Include="src\mae.cpp" />
    <ClCompile Include="src\benchmark.cpp" />
  </ItemGroup>
  <ItemGroup>
    <Filter Include="images">
      <UniqueIdentifier>{1dbe6b83-38c5-4e3c-b68e-0008fa80ba93}</UniqueIdentifier>
    </Filter>
  </ItemGroup>
  <ItemGroup>
    <None Include="..\.gitattributes" />
    <None Include="..\.gitignore" />
    <None Include="..\README.md" />
    <None Include="cpp.hint" />
    <None Include="..\LICENSE.md" />
  </ItemGroup>
  <ItemGroup>
    <ClInclude Include="include\cualgo\motion_blur.cuh" />
    <ClInclude Include="include\cpualgo\motion_blur.hpp" />
    <ClInclude Include="include\utils\constants.hpp" />
    <ClInclude Include="include\utils\mae.hpp" />
    <ClInclude Include="include\utils\main.hpp" />
    <ClInclude Include="include\utils\benchmark.hpp" />
  </ItemGroup>
</Project>